{
  "lockfileVersion": 1,
  "workspaces": {
    "": {
      "dependencies": {
        "prettier": "^3.5.2",
      },
    },
  },
  "packages": {
    "prettier": ["prettier@3.5.2", "", { "bin": { "prettier": "bin/prettier.cjs" } }, "sha512-lc6npv5PH7hVqozBR7lkBNOGXV9vMwROAPlumdBkX0wTbbzPu/U1hk5yL8p2pt4Xoc+2mkT8t/sow2YrV/M5qg=="],
  }
}
