{
  "lockfileVersion": 1,
  "workspaces": {
    "": {
      "name": "pinocchio",
      "devDependencies": {
        "@codama/nodes-from-anchor": "^1.3.9",
        "@codama/renderers-js": "^2.0.2",
        "@types/bun": "latest",
        "codama": "^1.5.1",
      },
      "peerDependencies": {
        "typescript": "^5",
      },
    },
  },
  "packages": {
    "@codama/cli": ["@codama/cli@1.5.0", "", { "dependencies": { "@codama/nodes": "1.5.1", "@codama/visitors": "1.5.1", "@codama/visitors-core": "1.5.1", "commander": "^14.0.2", "picocolors": "^1.1.1", "prompts": "^2.4.2" }, "bin": { "codama": "bin/cli.cjs" } }, "sha512-+q62IvEA6o7ji/mcnGgAvyPWyiFx3cojVGrFNG8NSm0zFXrBk1lT3n/qg+2Ag8C8aHwno9boXgDTxV+P5VCDYw=="],

    "@codama/errors": ["@codama/errors@1.5.1", "", { "dependencies": { "@codama/node-types": "1.5.1", "commander": "^14.0.2", "picocolors": "^1.1.1" }, "bin": { "errors": "bin/cli.cjs" } }, "sha512-kdLk/OSLBt03DoViRU1Xr0M7NZ7J/CSqaXV8fooF9qMRGPRJdgUeW2VkCGlLXDQSaIALrls3HkHmKRKbqqjSOA=="],

    "@codama/node-types": ["@codama/node-types@1.5.1", "", {}, "sha512-jMGz93MSszb1iXAAyWWa0i7RQbLxGihLKRZ+zr9aBsjaFFmhXhONfTFeSXzbEfc05cajpd/gW2QI7xmQHlUDKQ=="],

    "@codama/nodes": ["@codama/nodes@1.5.1", "", { "dependencies": { "@codama/errors": "1.5.1", "@codama/node-types": "1.5.1" } }, "sha512-6fIoH5Cfa5dFUE1fRxymZloeNg02klOT4fHsWwQavkkRWkoySgiti//w0j1itiZj6j5O+usujrwsZUJqSFjnhQ=="],

    "@codama/nodes-from-anchor": ["@codama/nodes-from-anchor@1.3.9", "", { "dependencies": { "@codama/errors": "1.5.1", "@codama/nodes": "1.5.1", "@codama/visitors": "1.5.1", "@noble/hashes": "^2.0.1", "@solana/codecs": "^5.3.0" } }, "sha512-7/E6vjy8GfdckZV6aRTt6YR8FjK8Fwt74au4p53uoocQ8zFWk9D1+d3WSxpKMNPKeFnAfI9hta/nT36XQ5MrGg=="],

    "@codama/renderers-core": ["@codama/renderers-core@1.3.6", "", { "dependencies": { "@codama/errors": "1.5.1", "@codama/nodes": "1.5.1", "@codama/visitors-core": "1.5.1" } }, "sha512-m3yAmhrObnagyC7d8g9bZxyLC5YMpttLagRE0aAKD4zlDDh23o3zV7TxSYCh2nRCg5ObceflgvXdauIHUm/6Xg=="],

    "@codama/renderers-js": ["@codama/renderers-js@2.0.2", "", { "dependencies": { "@codama/errors": "^1.4.4", "@codama/nodes": "^1.4.4", "@codama/renderers-core": "^1.3.4", "@codama/visitors-core": "^1.4.4", "@solana/codecs-strings": "^6.0.0", "prettier": "^3.8.1", "semver": "^7.7.3" } }, "sha512-5gEDCgfqqUnc/uTAphj06+tU6n2fVZH439ih7H1yAF8WM+ftHB7Ph0rMb63J7/d+HRRZhdEet0Cngs1CZI6GHA=="],

    "@codama/validators": ["@codama/validators@1.5.1", "", { "dependencies": { "@codama/errors": "1.5.1", "@codama/nodes": "1.5.1", "@codama/visitors-core": "1.5.1" } }, "sha512-aUXl39AMa091CBWpYiK2XCXP/uyKOOtAT399TzRld3z8dIH9E0fGyu4ocP+IhQKXWXDPsh7V3qPmqsdyevOPcQ=="],

    "@codama/visitors": ["@codama/visitors@1.5.1", "", { "dependencies": { "@codama/errors": "1.5.1", "@codama/nodes": "1.5.1", "@codama/visitors-core": "1.5.1" } }, "sha512-8WcGP1tJKtqBfZ4mJsBRPjZ/H6+SPLWmiUoDTXRrVePQE4X4Yb04o6BoX2Uc3heZbfEc0rXdM1w8HTFvXBX4/A=="],

    "@codama/visitors-core": ["@codama/visitors-core@1.5.1", "", { "dependencies": { "@codama/errors": "1.5.1", "@codama/nodes": "1.5.1", "json-stable-stringify": "^1.3.0" } }, "sha512-JotrDJLI7OfPNHulu4KtPfUDF/FYMC3RgEnv9lu47Fiiy0upbGAw1NorgBuoreyJ9Uj0GZyHt7Q5rjrCoa1U0g=="],

    "@noble/hashes": ["@noble/hashes@2.0.1", "", {}, "sha512-XlOlEbQcE9fmuXxrVTXCTlG2nlRXa9Rj3rr5Ue/+tX+nmkgbX720YHh0VR3hBF9xDvwnb8D2shVGOwNx+ulArw=="],

    "@solana/codecs": ["@solana/codecs@5.5.1", "", { "dependencies": { "@solana/codecs-core": "5.5.1", "@solana/codecs-data-structures": "5.5.1", "@solana/codecs-numbers": "5.5.1", "@solana/codecs-strings": "5.5.1", "@solana/options": "5.5.1" }, "peerDependencies": { "typescript": "^5.0.0" }, "optionalPeers": ["typescript"] }, "sha512-Vea29nJub/bXjfzEV7ZZQ/PWr1pYLZo3z0qW0LQL37uKKVzVFRQlwetd7INk3YtTD3xm9WUYr7bCvYUk3uKy2g=="],

    "@solana/codecs-core": ["@solana/codecs-core@5.5.1", "", { "dependencies": { "@solana/errors": "5.5.1" }, "peerDependencies": { "typescript": "^5.0.0" }, "optionalPeers": ["typescript"] }, "sha512-TgBt//bbKBct0t6/MpA8ElaOA3sa8eYVvR7LGslCZ84WiAwwjCY0lW/lOYsFHJQzwREMdUyuEyy5YWBKtdh8Rw=="],

    "@solana/codecs-data-structures": ["@solana/codecs-data-structures@5.5.1", "", { "dependencies": { "@solana/codecs-core": "5.5.1", "@solana/codecs-numbers": "5.5.1", "@solana/errors": "5.5.1" }, "peerDependencies": { "typescript": "^5.0.0" }, "optionalPeers": ["typescript"] }, "sha512-97bJWGyUY9WvBz3mX1UV3YPWGDTez6btCfD0ip3UVEXJbItVuUiOkzcO5iFDUtQT5riKT6xC+Mzl+0nO76gd0w=="],

    "@solana/codecs-numbers": ["@solana/codecs-numbers@5.5.1", "", { "dependencies": { "@solana/codecs-core": "5.5.1", "@solana/errors": "5.5.1" }, "peerDependencies": { "typescript": "^5.0.0" }, "optionalPeers": ["typescript"] }, "sha512-rllMIZAHqmtvC0HO/dc/21wDuWaD0B8Ryv8o+YtsICQBuiL/0U4AGwH7Pi5GNFySYk0/crSuwfIqQFtmxNSPFw=="],

    "@solana/codecs-strings": ["@solana/codecs-strings@6.1.0", "", { "dependencies": { "@solana/codecs-core": "6.1.0", "@solana/codecs-numbers": "6.1.0", "@solana/errors": "6.1.0" }, "peerDependencies": { "fastestsmallesttextencoderdecoder": "^1.0.22", "typescript": "^5.0.0" }, "optionalPeers": ["fastestsmallesttextencoderdecoder", "typescript"] }, "sha512-pRH5uAn4VCFUs2rYiDITyWsRnpvs3Uh/nhSc6OSP/kusghcCcCJcUzHBIjT4x08MVacXmGUlSLe/9qPQO+QK3Q=="],

    "@solana/errors": ["@solana/errors@6.1.0", "", { "dependencies": { "chalk": "5.6.2", "commander": "14.0.3" }, "peerDependencies": { "typescript": "^5.0.0" }, "optionalPeers": ["typescript"], "bin": { "errors": "bin/cli.mjs" } }, "sha512-cqSwcw3Rmn85UR7PyF5nKPdlQsRYBkx7YGRvFaJ6Sal1PM+bfolhL5iT7STQoXxdhXGYwHMPg7kZYxmMdjwnJA=="],

    "@solana/options": ["@solana/options@5.5.1", "", { "dependencies": { "@solana/codecs-core": "5.5.1", "@solana/codecs-data-structures": "5.5.1", "@solana/codecs-numbers": "5.5.1", "@solana/codecs-strings": "5.5.1", "@solana/errors": "5.5.1" }, "peerDependencies": { "typescript": "^5.0.0" }, "optionalPeers": ["typescript"] }, "sha512-eo971c9iLNLmk+yOFyo7yKIJzJ/zou6uKpy6mBuyb/thKtS/haiKIc3VLhyTXty3OH2PW8yOlORJnv4DexJB8A=="],

    "@types/bun": ["@types/bun@1.3.9", "", { "dependencies": { "bun-types": "1.3.9" } }, "sha512-KQ571yULOdWJiMH+RIWIOZ7B2RXQGpL1YQrBtLIV3FqDcCu6FsbFUBwhdKUlCKUpS3PJDsHlJ1QKlpxoVR+xtw=="],

    "@types/node": ["@types/node@25.3.0", "", { "dependencies": { "undici-types": "~7.18.0" } }, "sha512-4K3bqJpXpqfg2XKGK9bpDTc6xO/xoUP/RBWS7AtRMug6zZFaRekiLzjVtAoZMquxoAbzBvy5nxQ7veS5eYzf8A=="],

    "bun-types": ["bun-types@1.3.9", "", { "dependencies": { "@types/node": "*" } }, "sha512-+UBWWOakIP4Tswh0Bt0QD0alpTY8cb5hvgiYeWCMet9YukHbzuruIEeXC2D7nMJPB12kbh8C7XJykSexEqGKJg=="],

    "call-bind": ["call-bind@1.0.8", "", { "dependencies": { "call-bind-apply-helpers": "^1.0.0", "es-define-property": "^1.0.0", "get-intrinsic": "^1.2.4", "set-function-length": "^1.2.2" } }, "sha512-oKlSFMcMwpUg2ednkhQ454wfWiU/ul3CkJe/PEHcTKuiX6RpbehUiFMXu13HalGZxfUwCQzZG747YXBn1im9ww=="],

    "call-bind-apply-helpers": ["call-bind-apply-helpers@1.0.2", "", { "dependencies": { "es-errors": "^1.3.0", "function-bind": "^1.1.2" } }, "sha512-Sp1ablJ0ivDkSzjcaJdxEunN5/XvksFJ2sMBFfq6x0ryhQV/2b/KwFe21cMpmHtPOSij8K99/wSfoEuTObmuMQ=="],

    "call-bound": ["call-bound@1.0.4", "", { "dependencies": { "call-bind-apply-helpers": "^1.0.2", "get-intrinsic": "^1.3.0" } }, "sha512-+ys997U96po4Kx/ABpBCqhA9EuxJaQWDQg7295H4hBphv3IZg0boBKuwYpt4YXp6MZ5AmZQnU/tyMTlRpaSejg=="],

    "chalk": ["chalk@5.6.2", "", {}, "sha512-7NzBL0rN6fMUW+f7A6Io4h40qQlG+xGmtMxfbnH/K7TAtt8JQWVQK+6g0UXKMeVJoyV5EkkNsErQ8pVD3bLHbA=="],

    "codama": ["codama@1.5.1", "", { "dependencies": { "@codama/cli": "1.5.0", "@codama/errors": "1.5.1", "@codama/nodes": "1.5.1", "@codama/validators": "1.5.1", "@codama/visitors": "1.5.1" }, "bin": { "codama": "bin/cli.cjs" } }, "sha512-kZbYgesIxwGNZ1JsYIWFzAsLtBuLZy/S1pCxJZgYaE13NJwDzi+bsEYqRSOUQ9ISN7FJR3SCyAE+vgzvcJpg2A=="],

    "commander": ["commander@14.0.3", "", {}, "sha512-H+y0Jo/T1RZ9qPP4Eh1pkcQcLRglraJaSLoyOtHxu6AapkjWVCy2Sit1QQ4x3Dng8qDlSsZEet7g5Pq06MvTgw=="],

    "define-data-property": ["define-data-property@1.1.4", "", { "dependencies": { "es-define-property": "^1.0.0", "es-errors": "^1.3.0", "gopd": "^1.0.1" } }, "sha512-rBMvIzlpA8v6E+SJZoo++HAYqsLrkg7MSfIinMPFhmkorw7X+dOXVJQs+QT69zGkzMyfDnIMN2Wid1+NbL3T+A=="],

    "dunder-proto": ["dunder-proto@1.0.1", "", { "dependencies": { "call-bind-apply-helpers": "^1.0.1", "es-errors": "^1.3.0", "gopd": "^1.2.0" } }, "sha512-KIN/nDJBQRcXw0MLVhZE9iQHmG68qAVIBg9CqmUYjmQIhgij9U5MFvrqkUL5FbtyyzZuOeOt0zdeRe4UY7ct+A=="],

    "es-define-property": ["es-define-property@1.0.1", "", {}, "sha512-e3nRfgfUZ4rNGL232gUgX06QNyyez04KdjFrF+LTRoOXmrOgFKDg4BCdsjW8EnT69eqdYGmRpJwiPVYNrCaW3g=="],

    "es-errors": ["es-errors@1.3.0", "", {}, "sha512-Zf5H2Kxt2xjTvbJvP2ZWLEICxA6j+hAmMzIlypy4xcBg1vKVnx89Wy0GbS+kf5cwCVFFzdCFh2XSCFNULS6csw=="],

    "es-object-atoms": ["es-object-atoms@1.1.1", "", { "dependencies": { "es-errors": "^1.3.0" } }, "sha512-FGgH2h8zKNim9ljj7dankFPcICIK9Cp5bm+c2gQSYePhpaG5+esrLODihIorn+Pe6FGJzWhXQotPv73jTaldXA=="],

    "function-bind": ["function-bind@1.1.2", "", {}, "sha512-7XHNxH7qX9xG5mIwxkhumTox/MIRNcOgDrxWsMt2pAr23WHp6MrRlN7FBSFpCpr+oVO0F744iUgR82nJMfG2SA=="],

    "get-intrinsic": ["get-intrinsic@1.3.0", "", { "dependencies": { "call-bind-apply-helpers": "^1.0.2", "es-define-property": "^1.0.1", "es-errors": "^1.3.0", "es-object-atoms": "^1.1.1", "function-bind": "^1.1.2", "get-proto": "^1.0.1", "gopd": "^1.2.0", "has-symbols": "^1.1.0", "hasown": "^2.0.2", "math-intrinsics": "^1.1.0" } }, "sha512-9fSjSaos/fRIVIp+xSJlE6lfwhES7LNtKaCBIamHsjr2na1BiABJPo0mOjjz8GJDURarmCPGqaiVg5mfjb98CQ=="],

    "get-proto": ["get-proto@1.0.1", "", { "dependencies": { "dunder-proto": "^1.0.1", "es-object-atoms": "^1.0.0" } }, "sha512-sTSfBjoXBp89JvIKIefqw7U2CCebsc74kiY6awiGogKtoSGbgjYE/G/+l9sF3MWFPNc9IcoOC4ODfKHfxFmp0g=="],

    "gopd": ["gopd@1.2.0", "", {}, "sha512-ZUKRh6/kUFoAiTAtTYPZJ3hw9wNxx+BIBOijnlG9PnrJsCcSjs1wyyD6vJpaYtgnzDrKYRSqf3OO6Rfa93xsRg=="],

    "has-property-descriptors": ["has-property-descriptors@1.0.2", "", { "dependencies": { "es-define-property": "^1.0.0" } }, "sha512-55JNKuIW+vq4Ke1BjOTjM2YctQIvCT7GFzHwmfZPGo5wnrgkid0YQtnAleFSqumZm4az3n2BS+erby5ipJdgrg=="],

    "has-symbols": ["has-symbols@1.1.0", "", {}, "sha512-1cDNdwJ2Jaohmb3sg4OmKaMBwuC48sYni5HUw2DvsC8LjGTLK9h+eb1X6RyuOHe4hT0ULCW68iomhjUoKUqlPQ=="],

    "hasown": ["hasown@2.0.2", "", { "dependencies": { "function-bind": "^1.1.2" } }, "sha512-0hJU9SCPvmMzIBdZFqNPXWa6dqh7WdH0cII9y+CyS8rG3nL48Bclra9HmKhVVUHyPWNH5Y7xDwAB7bfgSjkUMQ=="],

    "isarray": ["isarray@2.0.5", "", {}, "sha512-xHjhDr3cNBK0BzdUJSPXZntQUx/mwMS5Rw4A7lPJ90XGAO6ISP/ePDNuo0vhqOZU+UD5JoodwCAAoZQd3FeAKw=="],

    "json-stable-stringify": ["json-stable-stringify@1.3.0", "", { "dependencies": { "call-bind": "^1.0.8", "call-bound": "^1.0.4", "isarray": "^2.0.5", "jsonify": "^0.0.1", "object-keys": "^1.1.1" } }, "sha512-qtYiSSFlwot9XHtF9bD9c7rwKjr+RecWT//ZnPvSmEjpV5mmPOCN4j8UjY5hbjNkOwZ/jQv3J6R1/pL7RwgMsg=="],

    "jsonify": ["jsonify@0.0.1", "", {}, "sha512-2/Ki0GcmuqSrgFyelQq9M05y7PS0mEwuIzrf3f1fPqkVDVRvZrPZtVSMHxdgo8Aq0sxAOb/cr2aqqA3LeWHVPg=="],

    "kleur": ["kleur@3.0.3", "", {}, "sha512-eTIzlVOSUR+JxdDFepEYcBMtZ9Qqdef+rnzWdRZuMbOywu5tO2w2N7rqjoANZ5k9vywhL6Br1VRjUIgTQx4E8w=="],

    "math-intrinsics": ["math-intrinsics@1.1.0", "", {}, "sha512-/IXtbwEk5HTPyEwyKX6hGkYXxM9nbj64B+ilVJnC/R6B0pH5G4V3b0pVbL7DBj4tkhBAppbQUlf6F6Xl9LHu1g=="],

    "object-keys": ["object-keys@1.1.1", "", {}, "sha512-NuAESUOUMrlIXOfHKzD6bpPu3tYt3xvjNdRIQ+FeT0lNb4K8WR70CaDxhuNguS2XG+GjkyMwOzsN5ZktImfhLA=="],

    "picocolors": ["picocolors@1.1.1", "", {}, "sha512-xceH2snhtb5M9liqDsmEw56le376mTZkEX/jEb/RxNFyegNul7eNslCXP9FDj/Lcu0X8KEyMceP2ntpaHrDEVA=="],

    "prettier": ["prettier@3.8.1", "", { "bin": { "prettier": "bin/prettier.cjs" } }, "sha512-UOnG6LftzbdaHZcKoPFtOcCKztrQ57WkHDeRD9t/PTQtmT0NHSeWWepj6pS0z/N7+08BHFDQVUrfmfMRcZwbMg=="],

    "prompts": ["prompts@2.4.2", "", { "dependencies": { "kleur": "^3.0.3", "sisteransi": "^1.0.5" } }, "sha512-NxNv/kLguCA7p3jE8oL2aEBsrJWgAakBpgmgK6lpPWV+WuOmY6r2/zbAVnP+T8bQlA0nzHXSJSJW0Hq7ylaD2Q=="],

    "semver": ["semver@7.7.4", "", { "bin": { "semver": "bin/semver.js" } }, "sha512-vFKC2IEtQnVhpT78h1Yp8wzwrf8CM+MzKMHGJZfBtzhZNycRFnXsHk6E5TxIkkMsgNS7mdX3AGB7x2QM2di4lA=="],

    "set-function-length": ["set-function-length@1.2.2", "", { "dependencies": { "define-data-property": "^1.1.4", "es-errors": "^1.3.0", "function-bind": "^1.1.2", "get-intrinsic": "^1.2.4", "gopd": "^1.0.1", "has-property-descriptors": "^1.0.2" } }, "sha512-pgRc4hJ4/sNjWCSS9AmnS40x3bNMDTknHgL5UaMBTMyJnU90EgWh1Rz+MC9eFu4BuN/UwZjKQuY/1v3rM7HMfg=="],

    "sisteransi": ["sisteransi@1.0.5", "", {}, "sha512-bLGGlR1QxBcynn2d5YmDX4MGjlZvy2MRBDRNHLJ8VI6l6+9FUiyTFNJ0IveOSP0bcXgVDPRcfGqA0pjaqUpfVg=="],

    "typescript": ["typescript@5.9.3", "", { "bin": { "tsc": "bin/tsc", "tsserver": "bin/tsserver" } }, "sha512-jl1vZzPDinLr9eUt3J/t7V6FgNEw9QjvBPdysz9KfQDD41fQrC2Y4vKQdiaUpFT4bXlb1RHhLpp8wtm6M5TgSw=="],

    "undici-types": ["undici-types@7.18.2", "", {}, "sha512-AsuCzffGHJybSaRrmr5eHr81mwJU3kjw6M+uprWvCXiNeN9SOGwQ3Jn8jb8m3Z6izVgknn1R0FTCEAP2QrLY/w=="],

    "@solana/codecs/@solana/codecs-strings": ["@solana/codecs-strings@5.5.1", "", { "dependencies": { "@solana/codecs-core": "5.5.1", "@solana/codecs-numbers": "5.5.1", "@solana/errors": "5.5.1" }, "peerDependencies": { "fastestsmallesttextencoderdecoder": "^1.0.22", "typescript": "^5.0.0" }, "optionalPeers": ["fastestsmallesttextencoderdecoder", "typescript"] }, "sha512-7klX4AhfHYA+uKKC/nxRGP2MntbYQCR3N6+v7bk1W/rSxYuhNmt+FN8aoThSZtWIKwN6BEyR1167ka8Co1+E7A=="],

    "@solana/codecs-core/@solana/errors": ["@solana/errors@5.5.1", "", { "dependencies": { "chalk": "5.6.2", "commander": "14.0.2" }, "peerDependencies": { "typescript": "^5.0.0" }, "optionalPeers": ["typescript"], "bin": { "errors": "bin/cli.mjs" } }, "sha512-vFO3p+S7HoyyrcAectnXbdsMfwUzY2zYFUc2DEe5BwpiE9J1IAxPBGjOWO6hL1bbYdBrlmjNx8DXCslqS+Kcmg=="],

    "@solana/codecs-data-structures/@solana/errors": ["@solana/errors@5.5.1", "", { "dependencies": { "chalk": "5.6.2", "commander": "14.0.2" }, "peerDependencies": { "typescript": "^5.0.0" }, "optionalPeers": ["typescript"], "bin": { "errors": "bin/cli.mjs" } }, "sha512-vFO3p+S7HoyyrcAectnXbdsMfwUzY2zYFUc2DEe5BwpiE9J1IAxPBGjOWO6hL1bbYdBrlmjNx8DXCslqS+Kcmg=="],

    "@solana/codecs-numbers/@solana/errors": ["@solana/errors@5.5.1", "", { "dependencies": { "chalk": "5.6.2", "commander": "14.0.2" }, "peerDependencies": { "typescript": "^5.0.0" }, "optionalPeers": ["typescript"], "bin": { "errors": "bin/cli.mjs" } }, "sha512-vFO3p+S7HoyyrcAectnXbdsMfwUzY2zYFUc2DEe5BwpiE9J1IAxPBGjOWO6hL1bbYdBrlmjNx8DXCslqS+Kcmg=="],

    "@solana/codecs-strings/@solana/codecs-core": ["@solana/codecs-core@6.1.0", "", { "dependencies": { "@solana/errors": "6.1.0" }, "peerDependencies": { "typescript": "^5.0.0" }, "optionalPeers": ["typescript"] }, "sha512-5rNnDOOm2GRFMJbd9imYCPNvGOrQ+TZ53NCkFFWbbB7f+L9KkLeuuAsDMFN1lCziJFlymvN785YtDnMeWj2W+g=="],

    "@solana/codecs-strings/@solana/codecs-numbers": ["@solana/codecs-numbers@6.1.0", "", { "dependencies": { "@solana/codecs-core": "6.1.0", "@solana/errors": "6.1.0" }, "peerDependencies": { "typescript": "^5.0.0" }, "optionalPeers": ["typescript"] }, "sha512-YPQwwl6LE3igH23ah+d8kgpyE5xFcPbuwhxCDsLWqY/ESrvO/0YQSbsgIXahbhZxN59ZC4uq1LnHhBNbpCSVQg=="],

    "@solana/options/@solana/codecs-strings": ["@solana/codecs-strings@5.5.1", "", { "dependencies": { "@solana/codecs-core": "5.5.1", "@solana/codecs-numbers": "5.5.1", "@solana/errors": "5.5.1" }, "peerDependencies": { "fastestsmallesttextencoderdecoder": "^1.0.22", "typescript": "^5.0.0" }, "optionalPeers": ["fastestsmallesttextencoderdecoder", "typescript"] }, "sha512-7klX4AhfHYA+uKKC/nxRGP2MntbYQCR3N6+v7bk1W/rSxYuhNmt+FN8aoThSZtWIKwN6BEyR1167ka8Co1+E7A=="],

    "@solana/options/@solana/errors": ["@solana/errors@5.5.1", "", { "dependencies": { "chalk": "5.6.2", "commander": "14.0.2" }, "peerDependencies": { "typescript": "^5.0.0" }, "optionalPeers": ["typescript"], "bin": { "errors": "bin/cli.mjs" } }, "sha512-vFO3p+S7HoyyrcAectnXbdsMfwUzY2zYFUc2DEe5BwpiE9J1IAxPBGjOWO6hL1bbYdBrlmjNx8DXCslqS+Kcmg=="],

    "@solana/codecs-core/@solana/errors/commander": ["commander@14.0.2", "", {}, "sha512-TywoWNNRbhoD0BXs1P3ZEScW8W5iKrnbithIl0YH+uCmBd0QpPOA8yc82DS3BIE5Ma6FnBVUsJ7wVUDz4dvOWQ=="],

    "@solana/codecs-data-structures/@solana/errors/commander": ["commander@14.0.2", "", {}, "sha512-TywoWNNRbhoD0BXs1P3ZEScW8W5iKrnbithIl0YH+uCmBd0QpPOA8yc82DS3BIE5Ma6FnBVUsJ7wVUDz4dvOWQ=="],

    "@solana/codecs-numbers/@solana/errors/commander": ["commander@14.0.2", "", {}, "sha512-TywoWNNRbhoD0BXs1P3ZEScW8W5iKrnbithIl0YH+uCmBd0QpPOA8yc82DS3BIE5Ma6FnBVUsJ7wVUDz4dvOWQ=="],

    "@solana/codecs/@solana/codecs-strings/@solana/errors": ["@solana/errors@5.5.1", "", { "dependencies": { "chalk": "5.6.2", "commander": "14.0.2" }, "peerDependencies": { "typescript": "^5.0.0" }, "optionalPeers": ["typescript"], "bin": { "errors": "bin/cli.mjs" } }, "sha512-vFO3p+S7HoyyrcAectnXbdsMfwUzY2zYFUc2DEe5BwpiE9J1IAxPBGjOWO6hL1bbYdBrlmjNx8DXCslqS+Kcmg=="],

    "@solana/options/@solana/errors/commander": ["commander@14.0.2", "", {}, "sha512-TywoWNNRbhoD0BXs1P3ZEScW8W5iKrnbithIl0YH+uCmBd0QpPOA8yc82DS3BIE5Ma6FnBVUsJ7wVUDz4dvOWQ=="],

    "@solana/codecs/@solana/codecs-strings/@solana/errors/commander": ["commander@14.0.2", "", {}, "sha512-TywoWNNRbhoD0BXs1P3ZEScW8W5iKrnbithIl0YH+uCmBd0QpPOA8yc82DS3BIE5Ma6FnBVUsJ7wVUDz4dvOWQ=="],
  }
}
