{
  "lockfileVersion": 1,
  "workspaces": {
    "": {
      "name": "@wormholelabs/example-executor-quoter-sdk",
      "dependencies": {
        "@solana/program-client-core": "^6.1.0",
      },
      "devDependencies": {
        "typescript": "^5.0.0",
      },
      "peerDependencies": {
        "@solana/kit": "^6.1.0",
      },
    },
  },
  "packages": {
    "@solana/accounts": ["@solana/accounts@6.1.0", "", { "dependencies": { "@solana/addresses": "6.1.0", "@solana/codecs-core": "6.1.0", "@solana/codecs-strings": "6.1.0", "@solana/errors": "6.1.0", "@solana/rpc-spec": "6.1.0", "@solana/rpc-types": "6.1.0" }, "peerDependencies": { "typescript": "^5.0.0" }, "optionalPeers": ["typescript"] }, "sha512-0jhmhSSS71ClLtBQIDrLlhkiNER4M9RIXTl1eJ1yJoFlE608JaKHTjNWsdVKdke7uBD6exdjNZkIVmouQPHMcA=="],

    "@solana/addresses": ["@solana/addresses@6.1.0", "", { "dependencies": { "@solana/assertions": "6.1.0", "@solana/codecs-core": "6.1.0", "@solana/codecs-strings": "6.1.0", "@solana/errors": "6.1.0", "@solana/nominal-types": "6.1.0" }, "peerDependencies": { "typescript": "^5.0.0" }, "optionalPeers": ["typescript"] }, "sha512-QT04Vie4iICaalQQRJFMGj/P56IxXiwFtVuZHu1qjZUNmuGTOvX6G98b27RaGtLzpJ3NIku/6OtKxLUBqAKAyQ=="],

    "@solana/assertions": ["@solana/assertions@6.1.0", "", { "dependencies": { "@solana/errors": "6.1.0" }, "peerDependencies": { "typescript": "^5.0.0" }, "optionalPeers": ["typescript"] }, "sha512-pLgxB2xxTk2QfTaWpnRpSMYgaPkKYDQgptRvbwmuDQnOW1Zopg+42MT2UrDGd3UFMML1uOFPxIwKM6m51H0uXw=="],

    "@solana/codecs": ["@solana/codecs@6.1.0", "", { "dependencies": { "@solana/codecs-core": "6.1.0", "@solana/codecs-data-structures": "6.1.0", "@solana/codecs-numbers": "6.1.0", "@solana/codecs-strings": "6.1.0", "@solana/options": "6.1.0" }, "peerDependencies": { "typescript": "^5.0.0" }, "optionalPeers": ["typescript"] }, "sha512-VHBS3t8fyVjE0Nqo6b4TUnzdwdRaVo+B5ufHhPLbbjkEXzz8HB4E/OBjgasn+zWGlfScfQAiBFOsfZjbVWu4XA=="],

    "@solana/codecs-core": ["@solana/codecs-core@6.1.0", "", { "dependencies": { "@solana/errors": "6.1.0" }, "peerDependencies": { "typescript": "^5.0.0" }, "optionalPeers": ["typescript"] }, "sha512-5rNnDOOm2GRFMJbd9imYCPNvGOrQ+TZ53NCkFFWbbB7f+L9KkLeuuAsDMFN1lCziJFlymvN785YtDnMeWj2W+g=="],

    "@solana/codecs-data-structures": ["@solana/codecs-data-structures@6.1.0", "", { "dependencies": { "@solana/codecs-core": "6.1.0", "@solana/codecs-numbers": "6.1.0", "@solana/errors": "6.1.0" }, "peerDependencies": { "typescript": "^5.0.0" }, "optionalPeers": ["typescript"] }, "sha512-1cb9g5hrrucTuGkGxqVVq7dCwSMnn4YqwTe365iKkK8HBpLBmUl8XATf1MUs5UtDun1g9eNWOL72Psr8mIUqTQ=="],

    "@solana/codecs-numbers": ["@solana/codecs-numbers@6.1.0", "", { "dependencies": { "@solana/codecs-core": "6.1.0", "@solana/errors": "6.1.0" }, "peerDependencies": { "typescript": "^5.0.0" }, "optionalPeers": ["typescript"] }, "sha512-YPQwwl6LE3igH23ah+d8kgpyE5xFcPbuwhxCDsLWqY/ESrvO/0YQSbsgIXahbhZxN59ZC4uq1LnHhBNbpCSVQg=="],

    "@solana/codecs-strings": ["@solana/codecs-strings@6.1.0", "", { "dependencies": { "@solana/codecs-core": "6.1.0", "@solana/codecs-numbers": "6.1.0", "@solana/errors": "6.1.0" }, "peerDependencies": { "fastestsmallesttextencoderdecoder": "^1.0.22", "typescript": "^5.0.0" }, "optionalPeers": ["fastestsmallesttextencoderdecoder", "typescript"] }, "sha512-pRH5uAn4VCFUs2rYiDITyWsRnpvs3Uh/nhSc6OSP/kusghcCcCJcUzHBIjT4x08MVacXmGUlSLe/9qPQO+QK3Q=="],

    "@solana/errors": ["@solana/errors@6.1.0", "", { "dependencies": { "chalk": "5.6.2", "commander": "14.0.3" }, "peerDependencies": { "typescript": "^5.0.0" }, "optionalPeers": ["typescript"], "bin": { "errors": "bin/cli.mjs" } }, "sha512-cqSwcw3Rmn85UR7PyF5nKPdlQsRYBkx7YGRvFaJ6Sal1PM+bfolhL5iT7STQoXxdhXGYwHMPg7kZYxmMdjwnJA=="],

    "@solana/fast-stable-stringify": ["@solana/fast-stable-stringify@6.1.0", "", { "peerDependencies": { "typescript": "^5.0.0" }, "optionalPeers": ["typescript"] }, "sha512-QXUfDFaJCFeARsxJgScWmJ153Tit7Cimk9y0UWWreNBr2Aphi67Nlcj/tr7UABTO0Qaw/0gwrK76zz3m1t3nIw=="],

    "@solana/functional": ["@solana/functional@6.1.0", "", { "peerDependencies": { "typescript": "^5.0.0" }, "optionalPeers": ["typescript"] }, "sha512-+Sm8ldVxSTHIKaZDvcBu81FPjknXx6OMPlakkKmXjKxPgVLl86ruqMo2yEwoDUHV7DysLrLLcRNn13rfulomRw=="],

    "@solana/instruction-plans": ["@solana/instruction-plans@6.1.0", "", { "dependencies": { "@solana/errors": "6.1.0", "@solana/instructions": "6.1.0", "@solana/keys": "6.1.0", "@solana/promises": "6.1.0", "@solana/transaction-messages": "6.1.0", "@solana/transactions": "6.1.0" }, "peerDependencies": { "typescript": "^5.0.0" }, "optionalPeers": ["typescript"] }, "sha512-zcsHg544t1zn7LLOVUxOWYlsKn9gvT7R+pL3cTiP2wFNoUN0h9En87H6nVqkZ8LWw23asgW0uM5uJGwfBx2h1Q=="],

    "@solana/instructions": ["@solana/instructions@6.1.0", "", { "dependencies": { "@solana/codecs-core": "6.1.0", "@solana/errors": "6.1.0" }, "peerDependencies": { "typescript": "^5.0.0" }, "optionalPeers": ["typescript"] }, "sha512-w1LdbJ3yanESckNTYC5KPckgN/25FyGCm07WWrs+dCnnpRNeLiVHIytXCPmArOVAXVkOYidXzhWmqCzqKUjYaA=="],

    "@solana/keys": ["@solana/keys@6.1.0", "", { "dependencies": { "@solana/assertions": "6.1.0", "@solana/codecs-core": "6.1.0", "@solana/codecs-strings": "6.1.0", "@solana/errors": "6.1.0", "@solana/nominal-types": "6.1.0" }, "peerDependencies": { "typescript": "^5.0.0" }, "optionalPeers": ["typescript"] }, "sha512-C/SGCl3VOgBQZ0mLrMxCcJYnMsGpgE8wbx29jqRY+R91m5YhS1f/GfXJPR1lN/h7QGrJ6YDm8eI0Y3AZ7goKHg=="],

    "@solana/kit": ["@solana/kit@6.1.0", "", { "dependencies": { "@solana/accounts": "6.1.0", "@solana/addresses": "6.1.0", "@solana/codecs": "6.1.0", "@solana/errors": "6.1.0", "@solana/functional": "6.1.0", "@solana/instruction-plans": "6.1.0", "@solana/instructions": "6.1.0", "@solana/keys": "6.1.0", "@solana/offchain-messages": "6.1.0", "@solana/plugin-core": "6.1.0", "@solana/plugin-interfaces": "6.1.0", "@solana/program-client-core": "6.1.0", "@solana/programs": "6.1.0", "@solana/rpc": "6.1.0", "@solana/rpc-api": "6.1.0", "@solana/rpc-parsed-types": "6.1.0", "@solana/rpc-spec-types": "6.1.0", "@solana/rpc-subscriptions": "6.1.0", "@solana/rpc-types": "6.1.0", "@solana/signers": "6.1.0", "@solana/sysvars": "6.1.0", "@solana/transaction-confirmation": "6.1.0", "@solana/transaction-messages": "6.1.0", "@solana/transactions": "6.1.0" }, "peerDependencies": { "typescript": "^5.0.0" }, "optionalPeers": ["typescript"] }, "sha512-24exn11BPonquufyCkGgypVtmN4JOsdGMsbF3EZ4kFyk7ZNryCn/N8eELr1FCVrHWRXoc0xy/HFaESBULTMf6g=="],

    "@solana/nominal-types": ["@solana/nominal-types@6.1.0", "", { "peerDependencies": { "typescript": "^5.0.0" }, "optionalPeers": ["typescript"] }, "sha512-+skHjN0arNNB9TLsGqA94VCx7euyGURI+qG6wck6E4D7hH6i6DxGiVrtKRghx+smJkkLtTm9BvdVKGoeNQYr7Q=="],

    "@solana/offchain-messages": ["@solana/offchain-messages@6.1.0", "", { "dependencies": { "@solana/addresses": "6.1.0", "@solana/codecs-core": "6.1.0", "@solana/codecs-data-structures": "6.1.0", "@solana/codecs-numbers": "6.1.0", "@solana/codecs-strings": "6.1.0", "@solana/errors": "6.1.0", "@solana/keys": "6.1.0", "@solana/nominal-types": "6.1.0" }, "peerDependencies": { "typescript": "^5.0.0" }, "optionalPeers": ["typescript"] }, "sha512-jrUb7HGUnRA+k44upcqKeevtEdqMxYRSlFdE0JTctZunGlP3GCcTl12tFOpbnFHvBLt8RwS62+nyeES8zzNwXA=="],

    "@solana/options": ["@solana/options@6.1.0", "", { "dependencies": { "@solana/codecs-core": "6.1.0", "@solana/codecs-data-structures": "6.1.0", "@solana/codecs-numbers": "6.1.0", "@solana/codecs-strings": "6.1.0", "@solana/errors": "6.1.0" }, "peerDependencies": { "typescript": "^5.0.0" }, "optionalPeers": ["typescript"] }, "sha512-/4FtVfR6nkHkMCumyh7/lJ6jMqyES6tKUbOJRa6gJxcIUWeRDu+XrHTHLf3gRNUqDAbFvW8FMIrQm7PdreZgRA=="],

    "@solana/plugin-core": ["@solana/plugin-core@6.1.0", "", { "peerDependencies": { "typescript": "^5.0.0" }, "optionalPeers": ["typescript"] }, "sha512-2nmNCPa6B1QArqpAZHWUkK6K7UXLTrekfcfJm2V//ATEtLpKEBlv0c3mrhOYwNAKP2TpNuvEV33InXWKst9oXQ=="],

    "@solana/plugin-interfaces": ["@solana/plugin-interfaces@6.1.0", "", { "dependencies": { "@solana/addresses": "6.1.0", "@solana/instruction-plans": "6.1.0", "@solana/keys": "6.1.0", "@solana/rpc-spec": "6.1.0", "@solana/rpc-subscriptions-spec": "6.1.0", "@solana/rpc-types": "6.1.0", "@solana/signers": "6.1.0" }, "peerDependencies": { "typescript": "^5.0.0" }, "optionalPeers": ["typescript"] }, "sha512-eWSzfOuwtHUp8vljf5V24Tkz3WxqxiV0vD/BJZBNRZMdYRw3Cw3oeWcvEqHHxGUOie6AjIK8GrKggi8F73ZXbg=="],

    "@solana/program-client-core": ["@solana/program-client-core@6.1.0", "", { "dependencies": { "@solana/accounts": "6.1.0", "@solana/addresses": "6.1.0", "@solana/codecs-core": "6.1.0", "@solana/errors": "6.1.0", "@solana/instruction-plans": "6.1.0", "@solana/instructions": "6.1.0", "@solana/plugin-interfaces": "6.1.0", "@solana/rpc-api": "6.1.0", "@solana/signers": "6.1.0" }, "peerDependencies": { "typescript": "^5.0.0" }, "optionalPeers": ["typescript"] }, "sha512-5Apka+ulWNfLNLYNR63pLnr5XvkXTQWeaftWED93iTWTZrZv9SyFWcmIsaes6eqGXMQ3RhlebnrWODtKuAA62g=="],

    "@solana/programs": ["@solana/programs@6.1.0", "", { "dependencies": { "@solana/addresses": "6.1.0", "@solana/errors": "6.1.0" }, "peerDependencies": { "typescript": "^5.0.0" }, "optionalPeers": ["typescript"] }, "sha512-i4L4gSlIHDsdYRt3/YKVKMIN3UuYSKHRqK9B+AejcIc0y6Y/AXnHqzmpBRXEhvTXz18nt59MLXpVU4wu7ASjJA=="],

    "@solana/promises": ["@solana/promises@6.1.0", "", { "peerDependencies": { "typescript": "^5.0.0" }, "optionalPeers": ["typescript"] }, "sha512-/mUW6peXQiEOaylLpGv4vtkvPzQvSbfhX9j5PNIK/ry4S3SHRQ3j3W/oGy4y3LR5alwo7NcVbubrkh4e4xwcww=="],

    "@solana/rpc": ["@solana/rpc@6.1.0", "", { "dependencies": { "@solana/errors": "6.1.0", "@solana/fast-stable-stringify": "6.1.0", "@solana/functional": "6.1.0", "@solana/rpc-api": "6.1.0", "@solana/rpc-spec": "6.1.0", "@solana/rpc-spec-types": "6.1.0", "@solana/rpc-transformers": "6.1.0", "@solana/rpc-transport-http": "6.1.0", "@solana/rpc-types": "6.1.0" }, "peerDependencies": { "typescript": "^5.0.0" }, "optionalPeers": ["typescript"] }, "sha512-R3y5PklW9mPy5Y34hsXj40R28zN2N7AGLnHqYJVkXkllwVub/QCNpSdDxAnbbS5EGOYGoUOW8s5LFoXwMSr1LQ=="],

    "@solana/rpc-api": ["@solana/rpc-api@6.1.0", "", { "dependencies": { "@solana/addresses": "6.1.0", "@solana/codecs-core": "6.1.0", "@solana/codecs-strings": "6.1.0", "@solana/errors": "6.1.0", "@solana/keys": "6.1.0", "@solana/rpc-parsed-types": "6.1.0", "@solana/rpc-spec": "6.1.0", "@solana/rpc-transformers": "6.1.0", "@solana/rpc-types": "6.1.0", "@solana/transaction-messages": "6.1.0", "@solana/transactions": "6.1.0" }, "peerDependencies": { "typescript": "^5.0.0" }, "optionalPeers": ["typescript"] }, "sha512-+hO5+kZjJHuUNATUQxlJ1+ztXFkgn1j46zRwt3X7kF+VHkW3wsQ7up0JTS+Xsacmkrj1WKfymQweq8JTrsAG8A=="],

    "@solana/rpc-parsed-types": ["@solana/rpc-parsed-types@6.1.0", "", { "peerDependencies": { "typescript": "^5.0.0" }, "optionalPeers": ["typescript"] }, "sha512-YKccynVgWt/gbs0tBYstNw6BSVuOeWdeAldTB2OgH95o2Q04DpO4v97X1MZDysA4SvSZM30Ek5Ni5ss3kskgdw=="],

    "@solana/rpc-spec": ["@solana/rpc-spec@6.1.0", "", { "dependencies": { "@solana/errors": "6.1.0", "@solana/rpc-spec-types": "6.1.0" }, "peerDependencies": { "typescript": "^5.0.0" }, "optionalPeers": ["typescript"] }, "sha512-RxpkIGizCYhXGUcap7npV2S/rAXZ7P/liozY/ExjMmCxYTDwGIW33kp/uH/JRxuzrL8+f8FqY76VsqqIe+2VZw=="],

    "@solana/rpc-spec-types": ["@solana/rpc-spec-types@6.1.0", "", { "peerDependencies": { "typescript": "^5.0.0" }, "optionalPeers": ["typescript"] }, "sha512-tldMv1b6VGcvcRrY5MDWKlsyEKH6K96zE7gAIpKDX2G4T47ZOV+OMA3nh6xQpRgtyCUBsej0t80qmvTBDX/5IQ=="],

    "@solana/rpc-subscriptions": ["@solana/rpc-subscriptions@6.1.0", "", { "dependencies": { "@solana/errors": "6.1.0", "@solana/fast-stable-stringify": "6.1.0", "@solana/functional": "6.1.0", "@solana/promises": "6.1.0", "@solana/rpc-spec-types": "6.1.0", "@solana/rpc-subscriptions-api": "6.1.0", "@solana/rpc-subscriptions-channel-websocket": "6.1.0", "@solana/rpc-subscriptions-spec": "6.1.0", "@solana/rpc-transformers": "6.1.0", "@solana/rpc-types": "6.1.0", "@solana/subscribable": "6.1.0" }, "peerDependencies": { "typescript": "^5.0.0" }, "optionalPeers": ["typescript"] }, "sha512-sqwj+cQinWcZ7M/9+cudKxMPTkTQyGP73980vPCWM7vCpPkp2qzgrEie4DdgDGo+NMwIjeFgu2kdUuLHI3GD/g=="],

    "@solana/rpc-subscriptions-api": ["@solana/rpc-subscriptions-api@6.1.0", "", { "dependencies": { "@solana/addresses": "6.1.0", "@solana/keys": "6.1.0", "@solana/rpc-subscriptions-spec": "6.1.0", "@solana/rpc-transformers": "6.1.0", "@solana/rpc-types": "6.1.0", "@solana/transaction-messages": "6.1.0", "@solana/transactions": "6.1.0" }, "peerDependencies": { "typescript": "^5.0.0" }, "optionalPeers": ["typescript"] }, "sha512-I6J+3VU0dda6EySKbDyd+1urC7RGIRPRp0DcWRVcy68NOLbq0I5C40Dn9O2Zf8iCdK4PbQ7JKdCvZ/bDd45hdg=="],

    "@solana/rpc-subscriptions-channel-websocket": ["@solana/rpc-subscriptions-channel-websocket@6.1.0", "", { "dependencies": { "@solana/errors": "6.1.0", "@solana/functional": "6.1.0", "@solana/rpc-subscriptions-spec": "6.1.0", "@solana/subscribable": "6.1.0", "ws": "^8.19.0" }, "peerDependencies": { "typescript": "^5.0.0" }, "optionalPeers": ["typescript"] }, "sha512-vsx9b+uyCr9L3giao/BTiBFA8DxV5+gDNFq0t5uL21uQ17JXzBektwzHuHoth9IjkvXV/h+IhwXfuLE9Qm4GQg=="],

    "@solana/rpc-subscriptions-spec": ["@solana/rpc-subscriptions-spec@6.1.0", "", { "dependencies": { "@solana/errors": "6.1.0", "@solana/promises": "6.1.0", "@solana/rpc-spec-types": "6.1.0", "@solana/subscribable": "6.1.0" }, "peerDependencies": { "typescript": "^5.0.0" }, "optionalPeers": ["typescript"] }, "sha512-P06jhqzHpZGaLeJmIQkpDeMDD1xUp53ARpmXMsduMC+U5ZKQt29CLo+JrR18boNtls6WfttjVMEbzF25/4UPVA=="],

    "@solana/rpc-transformers": ["@solana/rpc-transformers@6.1.0", "", { "dependencies": { "@solana/errors": "6.1.0", "@solana/functional": "6.1.0", "@solana/nominal-types": "6.1.0", "@solana/rpc-spec-types": "6.1.0", "@solana/rpc-types": "6.1.0" }, "peerDependencies": { "typescript": "^5.0.0" }, "optionalPeers": ["typescript"] }, "sha512-OsSuuRPmsmS02eR9Zz+4iTsr+21hvEMEex5vwbwN6LAGPFlQ4ohqGkxgZCwmYd+Q5HWpnn9Uuf1MDTLLrKQkig=="],

    "@solana/rpc-transport-http": ["@solana/rpc-transport-http@6.1.0", "", { "dependencies": { "@solana/errors": "6.1.0", "@solana/rpc-spec": "6.1.0", "@solana/rpc-spec-types": "6.1.0", "undici-types": "^7.21.0" }, "peerDependencies": { "typescript": "^5.0.0" }, "optionalPeers": ["typescript"] }, "sha512-3ebaTYuglLJagaXtjwDPVI7SQeeeFN2fpetpGKsuMAiti4fzYqEkNN8FIo+nXBzqqG/cVc2421xKjXl6sO1k/g=="],

    "@solana/rpc-types": ["@solana/rpc-types@6.1.0", "", { "dependencies": { "@solana/addresses": "6.1.0", "@solana/codecs-core": "6.1.0", "@solana/codecs-numbers": "6.1.0", "@solana/codecs-strings": "6.1.0", "@solana/errors": "6.1.0", "@solana/nominal-types": "6.1.0" }, "peerDependencies": { "typescript": "^5.0.0" }, "optionalPeers": ["typescript"] }, "sha512-lR+Cb3v5Rpl49HsXWASy++TSE1AD86eRKabY+iuWnbBMYVGI4MamAvYwgBiygsCNc30nyO2TFNj9STMeSD/gAg=="],

    "@solana/signers": ["@solana/signers@6.1.0", "", { "dependencies": { "@solana/addresses": "6.1.0", "@solana/codecs-core": "6.1.0", "@solana/errors": "6.1.0", "@solana/instructions": "6.1.0", "@solana/keys": "6.1.0", "@solana/nominal-types": "6.1.0", "@solana/offchain-messages": "6.1.0", "@solana/transaction-messages": "6.1.0", "@solana/transactions": "6.1.0" }, "peerDependencies": { "typescript": "^5.0.0" }, "optionalPeers": ["typescript"] }, "sha512-WDPGZJr6jIe2dEChv/2KQBnaga8dqOjd6ceBj/HcDHxnCudo66t7GlyZ9+9jMO40AgOOb7EDE5FDqPMrHMg5Yw=="],

    "@solana/subscribable": ["@solana/subscribable@6.1.0", "", { "dependencies": { "@solana/errors": "6.1.0" }, "peerDependencies": { "typescript": "^5.0.0" }, "optionalPeers": ["typescript"] }, "sha512-HiUfkxN7638uxPmY4t0gI4+yqnFLZYJKFaT9EpWIuGrOB1d9n+uOHNs3NU7cVMwWXgfZUbztTCKyCVTbcwesNg=="],

    "@solana/sysvars": ["@solana/sysvars@6.1.0", "", { "dependencies": { "@solana/accounts": "6.1.0", "@solana/codecs": "6.1.0", "@solana/errors": "6.1.0", "@solana/rpc-types": "6.1.0" }, "peerDependencies": { "typescript": "^5.0.0" }, "optionalPeers": ["typescript"] }, "sha512-KwJyBBrAOx0BgkiZqOKAaySDb/0JrUFSBQL9/O1kSKGy9TCRX55Ytr1HxNTcTPppWNpbM6JZVK+yW3Ruey0HRw=="],

    "@solana/transaction-confirmation": ["@solana/transaction-confirmation@6.1.0", "", { "dependencies": { "@solana/addresses": "6.1.0", "@solana/codecs-strings": "6.1.0", "@solana/errors": "6.1.0", "@solana/keys": "6.1.0", "@solana/promises": "6.1.0", "@solana/rpc": "6.1.0", "@solana/rpc-subscriptions": "6.1.0", "@solana/rpc-types": "6.1.0", "@solana/transaction-messages": "6.1.0", "@solana/transactions": "6.1.0" }, "peerDependencies": { "typescript": "^5.0.0" }, "optionalPeers": ["typescript"] }, "sha512-akSjcqAMOGPFvKctFDSzhjcRc/45WbEVdVQ9mjgH6OYo7B11WZZZaeGPlzAw5KyuG34Px941xmICkBmNqEH47Q=="],

    "@solana/transaction-messages": ["@solana/transaction-messages@6.1.0", "", { "dependencies": { "@solana/addresses": "6.1.0", "@solana/codecs-core": "6.1.0", "@solana/codecs-data-structures": "6.1.0", "@solana/codecs-numbers": "6.1.0", "@solana/errors": "6.1.0", "@solana/functional": "6.1.0", "@solana/instructions": "6.1.0", "@solana/nominal-types": "6.1.0", "@solana/rpc-types": "6.1.0" }, "peerDependencies": { "typescript": "^5.0.0" }, "optionalPeers": ["typescript"] }, "sha512-Dpv54LRVcfFbFEa/uB53LaY/TRfKuPGMKR7Z4F290zBgkj9xkpZkI+WLiJBiSloI7Qo2KZqXj3514BIeZvJLcg=="],

    "@solana/transactions": ["@solana/transactions@6.1.0", "", { "dependencies": { "@solana/addresses": "6.1.0", "@solana/codecs-core": "6.1.0", "@solana/codecs-data-structures": "6.1.0", "@solana/codecs-numbers": "6.1.0", "@solana/codecs-strings": "6.1.0", "@solana/errors": "6.1.0", "@solana/functional": "6.1.0", "@solana/instructions": "6.1.0", "@solana/keys": "6.1.0", "@solana/nominal-types": "6.1.0", "@solana/rpc-types": "6.1.0", "@solana/transaction-messages": "6.1.0" }, "peerDependencies": { "typescript": "^5.0.0" }, "optionalPeers": ["typescript"] }, "sha512-1dkiNJcTtlHm4Fvs5VohNVpv7RbvbUYYKV7lYXMPIskoLF1eZp0tVlEqD/cRl91RNz7HEysfHqBAwlcJcRmrRg=="],

    "chalk": ["chalk@5.6.2", "", {}, "sha512-7NzBL0rN6fMUW+f7A6Io4h40qQlG+xGmtMxfbnH/K7TAtt8JQWVQK+6g0UXKMeVJoyV5EkkNsErQ8pVD3bLHbA=="],

    "commander": ["commander@14.0.3", "", {}, "sha512-H+y0Jo/T1RZ9qPP4Eh1pkcQcLRglraJaSLoyOtHxu6AapkjWVCy2Sit1QQ4x3Dng8qDlSsZEet7g5Pq06MvTgw=="],

    "typescript": ["typescript@5.9.3", "", { "bin": { "tsc": "bin/tsc", "tsserver": "bin/tsserver" } }, "sha512-jl1vZzPDinLr9eUt3J/t7V6FgNEw9QjvBPdysz9KfQDD41fQrC2Y4vKQdiaUpFT4bXlb1RHhLpp8wtm6M5TgSw=="],

    "undici-types": ["undici-types@7.22.0", "", {}, "sha512-RKZvifiL60xdsIuC80UY0dq8Z7DbJUV8/l2hOVbyZAxBzEeQU4Z58+4ZzJ6WN2Lidi9KzT5EbiGX+PI/UGYuRw=="],

    "ws": ["ws@8.19.0", "", { "peerDependencies": { "bufferutil": "^4.0.1", "utf-8-validate": ">=5.0.2" }, "optionalPeers": ["bufferutil", "utf-8-validate"] }, "sha512-blAT2mjOEIi0ZzruJfIhb3nps74PRWTCz1IjglWEEpQl5XS/UNama6u2/rjFkDDouqr4L67ry+1aGIALViWjDg=="],
  }
}
